
Microsoft Visual Studio Solution File, Format Version 12.00
# Visual Studio Version 17
VisualStudioVersion = 17.10.35004.147
MinimumVisualStudioVersion = 10.0.40219.1
Project("{FAE04EC0-301F-11D3-BF4B-00C04F79EFBC}") = "SalesWebAPITutorialEM", "SalesWebAPITutorialEM\SalesWebAPITutorialEM.csproj", "{250828B0-EC26-4F24-B675-A95E1411DACF}"
EndProject
Global
	GlobalSection(SolutionConfigurationPlatforms) = preSolution
		Debug|Any CPU = Debug|Any CPU
		Release|Any CPU = Release|Any CPU
	EndGlobalSection
	GlobalSection(ProjectConfigurationPlatforms) = postSolution
		{250828B0-EC26-4F24-B675-A95E1411DACF}.Debug|Any CPU.ActiveCfg = Debug|Any CPU
		{250828B0-EC26-4F24-B675-A95E1411DACF}.Debug|Any CPU.Build.0 = Debug|Any CPU
		{250828B0-EC26-4F24-B675-A95E1411DACF}.Release|Any CPU.ActiveCfg = Release|Any CPU
		{250828B0-EC26-4F24-B675-A95E1411DACF}.Release|Any CPU.Build.0 = Release|Any CPU
	EndGlobalSection
	GlobalSection(SolutionProperties) = preSolution
		HideSolutionNode = FALSE
	EndGlobalSection
	GlobalSection(ExtensibilityGlobals) = postSolution
		SolutionGuid = {089ED4C6-A7DE-4796-9363-4BC5A0B360BF}
	EndGlobalSection
EndGlobal
